Microsoft Visual Studio Solution File, Format Version 12.00
# Visual Studio Version 17
VisualStudioVersion = 17.5.2.0
MinimumVisualStudioVersion = 10.0.40219.1
Project("{FAE04EC0-301F-11D3-BF4B-00C04F79EFBC}") = "LibraryBookBorrowingSystem", "LibraryBookBorrowingSystem.csproj", "{18F4CFE1-7739-251E-5A83-3B1C47006FC6}"
EndProject
Global
	GlobalSection(SolutionConfigurationPlatforms) = preSolution
		Debug|Any CPU = Debug|Any CPU
		Release|Any CPU = Release|Any CPU
	EndGlobalSection
	GlobalSection(ProjectConfigurationPlatforms) = postSolution
		{18F4CFE1-7739-251E-5A83-3B1C47006FC6}.Debug|Any CPU.ActiveCfg = Debug|Any CPU
		{18F4CFE1-7739-251E-5A83-3B1C47006FC6}.Debug|Any CPU.Build.0 = Debug|Any CPU
		{18F4CFE1-7739-251E-5A83-3B1C47006FC6}.Release|Any CPU.ActiveCfg = Release|Any CPU
		{18F4CFE1-7739-251E-5A83-3B1C47006FC6}.Release|Any CPU.Build.0 = Release|Any CPU
	EndGlobalSection
	GlobalSection(SolutionProperties) = preSolution
		HideSolutionNode = FALSE
	EndGlobalSection
	GlobalSection(ExtensibilityGlobals) = postSolution
		SolutionGuid = {25970920-CFEE-4B3D-A9EE-2FA8A2FD8E44}
	EndGlobalSection
EndGlobal
